
Microsoft Visual Studio Solution File, Format Version 12.00
# Visual Studio 15
Project("{FAE04EC0-301F-11D3-BF4B-00C04F79EFBC}") = "Oculus.Platform", "Oculus.Platform.csproj", "{92EBDE5E-99EE-BC5D-2636-DAD9F82B0080}"
EndProject
Project("{FAE04EC0-301F-11D3-BF4B-00C04F79EFBC}") = "Assembly-CSharp", "Assembly-CSharp.csproj", "{4C580764-D0E3-BC4C-A83B-BD875CF3D16B}"
EndProject
Project("{FAE04EC0-301F-11D3-BF4B-00C04F79EFBC}") = "Oculus.Spatializer", "Oculus.Spatializer.csproj", "{880B5FCA-DEDA-79B1-2896-C9D79AEA94D0}"
EndProject
Project("{FAE04EC0-301F-11D3-BF4B-00C04F79EFBC}") = "Oculus.Interaction", "Oculus.Interaction.csproj", "{E688B348-059B-DF0F-767F-DF6356B43B4F}"
EndProject
Project("{FAE04EC0-301F-11D3-BF4B-00C04F79EFBC}") = "Meta.WitAi", "Meta.WitAi.csproj", "{B785D60C-DAC5-FFC2-F5D5-458B860C4DAC}"
EndProject
Project("{FAE04EC0-301F-11D3-BF4B-00C04F79EFBC}") = "Oculus.Interaction.OVR.Samples", "Oculus.Interaction.OVR.Samples.csproj", "{AA73B722-C69F-C396-8702-F83DF79CC76C}"
EndProject
Project("{FAE04EC0-301F-11D3-BF4B-00C04F79EFBC}") = "Oculus.VR", "Oculus.VR.csproj", "{F428DCA0-B161-722A-DA3C-B3F8BB6B6FE6}"
EndProject
Project("{FAE04EC0-301F-11D3-BF4B-00C04F79EFBC}") = "VoiceSDK.Dictation.Runtime", "VoiceSDK.Dictation.Runtime.csproj", "{F76792F9-C8A9-A0A2-23C3-C089CE3C4C15}"
EndProject
Project("{FAE04EC0-301F-11D3-BF4B-00C04F79EFBC}") = "Meta.WitAi.TTS", "Meta.WitAi.TTS.csproj", "{DD0195E0-4103-A60A-55D0-726288392302}"
EndProject
Project("{FAE04EC0-301F-11D3-BF4B-00C04F79EFBC}") = "Oculus.AudioManager", "Oculus.AudioManager.csproj", "{7BE95E83-5B4B-9B0B-C9E8-D59616A76E42}"
EndProject
Project("{FAE04EC0-301F-11D3-BF4B-00C04F79EFBC}") = "VoiceSDK.Runtime", "VoiceSDK.Runtime.csproj", "{3816263A-CC43-2C1E-9BDF-0F6DC5878950}"
EndProject
Project("{FAE04EC0-301F-11D3-BF4B-00C04F79EFBC}") = "Facebook.Wit.Dictation", "Facebook.Wit.Dictation.csproj", "{053767C3-09B8-F02B-9CE2-DBBDF98B7938}"
EndProject
Project("{FAE04EC0-301F-11D3-BF4B-00C04F79EFBC}") = "Meta.WitAi.TTS.Samples", "Meta.WitAi.TTS.Samples.csproj", "{9440E0D4-6A3E-5C53-0696-A3A941841D0D}"
EndProject
Project("{FAE04EC0-301F-11D3-BF4B-00C04F79EFBC}") = "Oculus.Voice.Demo", "Oculus.Voice.Demo.csproj", "{2A4B3B45-8DD3-40A1-640E-6F7AB6AE3F92}"
EndProject
Project("{FAE04EC0-301F-11D3-BF4B-00C04F79EFBC}") = "Meta.WitAi.Lib", "Meta.WitAi.Lib.csproj", "{897F8A42-4E41-03AB-34A1-89B4DE70099E}"
EndProject
Project("{FAE04EC0-301F-11D3-BF4B-00C04F79EFBC}") = "Oculus.Interaction.OVR", "Oculus.Interaction.OVR.csproj", "{9E37263C-1FFB-D0C4-A7E9-0A6F23E57832}"
EndProject
Project("{FAE04EC0-301F-11D3-BF4B-00C04F79EFBC}") = "AssistantCoreSDKRuntime", "AssistantCoreSDKRuntime.csproj", "{513ACA79-956E-6385-6E62-B446C95F5364}"
EndProject
Project("{FAE04EC0-301F-11D3-BF4B-00C04F79EFBC}") = "Meta.WitAi.Conduit", "Meta.WitAi.Conduit.csproj", "{4B6C8F48-83BA-0EA4-B8FC-A07C891C654A}"
EndProject
Project("{FAE04EC0-301F-11D3-BF4B-00C04F79EFBC}") = "Oculus.LipSync", "Oculus.LipSync.csproj", "{A3A992FC-05B7-694D-19EA-C4CFBDF12911}"
EndProject
Project("{FAE04EC0-301F-11D3-BF4B-00C04F79EFBC}") = "Meta.VoiceSDK.Mic.Other", "Meta.VoiceSDK.Mic.Other.csproj", "{EF800B0D-4371-F732-620C-94687513E0D2}"
EndProject
Project("{FAE04EC0-301F-11D3-BF4B-00C04F79EFBC}") = "Meta.VoiceSDK.Mic.Common", "Meta.VoiceSDK.Mic.Common.csproj", "{7C70CCDC-E117-AF7A-8258-957F2DEDEBE8}"
EndProject
Project("{FAE04EC0-301F-11D3-BF4B-00C04F79EFBC}") = "Meta.WitAi.Editor", "Meta.WitAi.Editor.csproj", "{B236AC88-7E0E-FF0F-45DE-2B2FEFDA2C51}"
EndProject
Project("{FAE04EC0-301F-11D3-BF4B-00C04F79EFBC}") = "Meta.WitAi.Conduit.Editor", "Meta.WitAi.Conduit.Editor.csproj", "{24A537D6-960E-D38A-6374-817A57800DF7}"
EndProject
Project("{FAE04EC0-301F-11D3-BF4B-00C04F79EFBC}") = "Oculus.Interaction.Editor", "Oculus.Interaction.Editor.csproj", "{6F7901F0-EE93-9724-6DC7-2A09C91D692E}"
EndProject
Project("{FAE04EC0-301F-11D3-BF4B-00C04F79EFBC}") = "Meta.WitAI.Lib.Editor", "Meta.WitAI.Lib.Editor.csproj", "{13C78A5E-62BC-4583-2CC0-949BF16E9BD8}"
EndProject
Project("{FAE04EC0-301F-11D3-BF4B-00C04F79EFBC}") = "Oculus.VR.Editor", "Oculus.VR.Editor.csproj", "{7E51E2C0-068B-2E09-E2C8-4713E23B87C9}"
EndProject
Project("{FAE04EC0-301F-11D3-BF4B-00C04F79EFBC}") = "Oculus.Interaction.OVR.Editor", "Oculus.Interaction.OVR.Editor.csproj", "{867FEF11-A1BD-12EC-EF04-9A1171C70D6F}"
EndProject
Project("{FAE04EC0-301F-11D3-BF4B-00C04F79EFBC}") = "Assembly-CSharp-Editor", "Assembly-CSharp-Editor.csproj", "{881BBD03-1573-F256-A2A4-F3208E91CF5D}"
EndProject
Project("{FAE04EC0-301F-11D3-BF4B-00C04F79EFBC}") = "Oculus.Interaction.Samples.Editor", "Oculus.Interaction.Samples.Editor.csproj", "{E02DE17D-33A3-6689-C685-9E334B5AC625}"
EndProject
Project("{FAE04EC0-301F-11D3-BF4B-00C04F79EFBC}") = "Oculus.VR.Scripts.Editor", "Oculus.VR.Scripts.Editor.csproj", "{DF779327-E4E7-FBD4-1C18-E2A8C7EC6D19}"
EndProject
Project("{FAE04EC0-301F-11D3-BF4B-00C04F79EFBC}") = "VoiceSDK.Editor", "VoiceSDK.Editor.csproj", "{D089F3FE-D901-AE29-DEC1-49D8CB7E8272}"
EndProject
Project("{FAE04EC0-301F-11D3-BF4B-00C04F79EFBC}") = "Oculus.Spatializer.Editor", "Oculus.Spatializer.Editor.csproj", "{50775C83-C43F-4C91-A72A-55586E8CF5F4}"
EndProject
Project("{FAE04EC0-301F-11D3-BF4B-00C04F79EFBC}") = "Meta.WitAi.TTS.Editor", "Meta.WitAi.TTS.Editor.csproj", "{36A89ADA-9245-F6D7-CF4F-15ED1D074B07}"
EndProject
Project("{FAE04EC0-301F-11D3-BF4B-00C04F79EFBC}") = "Facebook.Wit.Dictation.Editor", "Facebook.Wit.Dictation.Editor.csproj", "{ACBEEF68-B4BB-0F07-0A46-D62C605271A5}"
EndProject
Project("{FAE04EC0-301F-11D3-BF4B-00C04F79EFBC}") = "VoiceSDK.Dictation.Editor", "VoiceSDK.Dictation.Editor.csproj", "{52AAFA6A-1333-11F1-099F-A306F911C463}"
EndProject
Project("{FAE04EC0-301F-11D3-BF4B-00C04F79EFBC}") = "Oculus.Platform.Editor", "Oculus.Platform.Editor.csproj", "{653F78DA-C694-5A14-DBB4-4F1FAC8EE316}"
EndProject
Project("{FAE04EC0-301F-11D3-BF4B-00C04F79EFBC}") = "Oculus.AudioManager.Audio.Editor", "Oculus.AudioManager.Audio.Editor.csproj", "{5E20D325-38D1-63FB-C165-6BC28D2F39FF}"
EndProject
Project("{FAE04EC0-301F-11D3-BF4B-00C04F79EFBC}") = "Oculus.Interaction.InterfaceSupport", "Oculus.Interaction.InterfaceSupport.csproj", "{5BECB99B-40D8-845F-EB66-4CB258B616BB}"
EndProject
Project("{FAE04EC0-301F-11D3-BF4B-00C04F79EFBC}") = "Oculus.LipSync.Editor", "Oculus.LipSync.Editor.csproj", "{2684919F-45BF-AB49-AA11-DB5973B7984A}"
EndProject
Project("{FAE04EC0-301F-11D3-BF4B-00C04F79EFBC}") = "AssistantCoreSDKEditor", "AssistantCoreSDKEditor.csproj", "{D5B6513E-5924-129C-F76E-570297047666}"
EndProject
Project("{FAE04EC0-301F-11D3-BF4B-00C04F79EFBC}") = "Oculus.AudioManager.Utils.Editor", "Oculus.AudioManager.Utils.Editor.csproj", "{0744506B-4297-C80E-846F-5736672D4806}"
EndProject
Global
	GlobalSection(SolutionConfigurationPlatforms) = preSolution
		Debug|Any CPU = Debug|Any CPU
		Release|Any CPU = Release|Any CPU
	EndGlobalSection
	GlobalSection(ProjectConfigurationPlatforms) = postSolution
		{92EBDE5E-99EE-BC5D-2636-DAD9F82B0080}.Debug|Any CPU.ActiveCfg = Debug|Any CPU
		{92EBDE5E-99EE-BC5D-2636-DAD9F82B0080}.Debug|Any CPU.Build.0 = Debug|Any CPU
		{92EBDE5E-99EE-BC5D-2636-DAD9F82B0080}.Release|Any CPU.ActiveCfg = Release|Any CPU
		{92EBDE5E-99EE-BC5D-2636-DAD9F82B0080}.Release|Any CPU.Build.0 = Release|Any CPU
		{4C580764-D0E3-BC4C-A83B-BD875CF3D16B}.Debug|Any CPU.ActiveCfg = Debug|Any CPU
		{4C580764-D0E3-BC4C-A83B-BD875CF3D16B}.Debug|Any CPU.Build.0 = Debug|Any CPU
		{4C580764-D0E3-BC4C-A83B-BD875CF3D16B}.Release|Any CPU.ActiveCfg = Release|Any CPU
		{4C580764-D0E3-BC4C-A83B-BD875CF3D16B}.Release|Any CPU.Build.0 = Release|Any CPU
		{880B5FCA-DEDA-79B1-2896-C9D79AEA94D0}.Debug|Any CPU.ActiveCfg = Debug|Any CPU
		{880B5FCA-DEDA-79B1-2896-C9D79AEA94D0}.Debug|Any CPU.Build.0 = Debug|Any CPU
		{880B5FCA-DEDA-79B1-2896-C9D79AEA94D0}.Release|Any CPU.ActiveCfg = Release|Any CPU
		{880B5FCA-DEDA-79B1-2896-C9D79AEA94D0}.Release|Any CPU.Build.0 = Release|Any CPU
		{E688B348-059B-DF0F-767F-DF6356B43B4F}.Debug|Any CPU.ActiveCfg = Debug|Any CPU
		{E688B348-059B-DF0F-767F-DF6356B43B4F}.Debug|Any CPU.Build.0 = Debug|Any CPU
		{E688B348-059B-DF0F-767F-DF6356B43B4F}.Release|Any CPU.ActiveCfg = Release|Any CPU
		{E688B348-059B-DF0F-767F-DF6356B43B4F}.Release|Any CPU.Build.0 = Release|Any CPU
		{B785D60C-DAC5-FFC2-F5D5-458B860C4DAC}.Debug|Any CPU.ActiveCfg = Debug|Any CPU
		{B785D60C-DAC5-FFC2-F5D5-458B860C4DAC}.Debug|Any CPU.Build.0 = Debug|Any CPU
		{B785D60C-DAC5-FFC2-F5D5-458B860C4DAC}.Release|Any CPU.ActiveCfg = Release|Any CPU
		{B785D60C-DAC5-FFC2-F5D5-458B860C4DAC}.Release|Any CPU.Build.0 = Release|Any CPU
		{AA73B722-C69F-C396-8702-F83DF79CC76C}.Debug|Any CPU.ActiveCfg = Debug|Any CPU
		{AA73B722-C69F-C396-8702-F83DF79CC76C}.Debug|Any CPU.Build.0 = Debug|Any CPU
		{AA73B722-C69F-C396-8702-F83DF79CC76C}.Release|Any CPU.ActiveCfg = Release|Any CPU
		{AA73B722-C69F-C396-8702-F83DF79CC76C}.Release|Any CPU.Build.0 = Release|Any CPU
		{F428DCA0-B161-722A-DA3C-B3F8BB6B6FE6}.Debug|Any CPU.ActiveCfg = Debug|Any CPU
		{F428DCA0-B161-722A-DA3C-B3F8BB6B6FE6}.Debug|Any CPU.Build.0 = Debug|Any CPU
		{F428DCA0-B161-722A-DA3C-B3F8BB6B6FE6}.Release|Any CPU.ActiveCfg = Release|Any CPU
		{F428DCA0-B161-722A-DA3C-B3F8BB6B6FE6}.Release|Any CPU.Build.0 = Release|Any CPU
		{F76792F9-C8A9-A0A2-23C3-C089CE3C4C15}.Debug|Any CPU.ActiveCfg = Debug|Any CPU
		{F76792F9-C8A9-A0A2-23C3-C089CE3C4C15}.Debug|Any CPU.Build.0 = Debug|Any CPU
		{F76792F9-C8A9-A0A2-23C3-C089CE3C4C15}.Release|Any CPU.ActiveCfg = Release|Any CPU
		{F76792F9-C8A9-A0A2-23C3-C089CE3C4C15}.Release|Any CPU.Build.0 = Release|Any CPU
		{DD0195E0-4103-A60A-55D0-726288392302}.Debug|Any CPU.ActiveCfg = Debug|Any CPU
		{DD0195E0-4103-A60A-55D0-726288392302}.Debug|Any CPU.Build.0 = Debug|Any CPU
		{DD0195E0-4103-A60A-55D0-726288392302}.Release|Any CPU.ActiveCfg = Release|Any CPU
		{DD0195E0-4103-A60A-55D0-726288392302}.Release|Any CPU.Build.0 = Release|Any CPU
		{7BE95E83-5B4B-9B0B-C9E8-D59616A76E42}.Debug|Any CPU.ActiveCfg = Debug|Any CPU
		{7BE95E83-5B4B-9B0B-C9E8-D59616A76E42}.Debug|Any CPU.Build.0 = Debug|Any CPU
		{7BE95E83-5B4B-9B0B-C9E8-D59616A76E42}.Release|Any CPU.ActiveCfg = Release|Any CPU
		{7BE95E83-5B4B-9B0B-C9E8-D59616A76E42}.Release|Any CPU.Build.0 = Release|Any CPU
		{3816263A-CC43-2C1E-9BDF-0F6DC5878950}.Debug|Any CPU.ActiveCfg = Debug|Any CPU
		{3816263A-CC43-2C1E-9BDF-0F6DC5878950}.Debug|Any CPU.Build.0 = Debug|Any CPU
		{3816263A-CC43-2C1E-9BDF-0F6DC5878950}.Release|Any CPU.ActiveCfg = Release|Any CPU
		{3816263A-CC43-2C1E-9BDF-0F6DC5878950}.Release|Any CPU.Build.0 = Release|Any CPU
		{053767C3-09B8-F02B-9CE2-DBBDF98B7938}.Debug|Any CPU.ActiveCfg = Debug|Any CPU
		{053767C3-09B8-F02B-9CE2-DBBDF98B7938}.Debug|Any CPU.Build.0 = Debug|Any CPU
		{053767C3-09B8-F02B-9CE2-DBBDF98B7938}.Release|Any CPU.ActiveCfg = Release|Any CPU
		{053767C3-09B8-F02B-9CE2-DBBDF98B7938}.Release|Any CPU.Build.0 = Release|Any CPU
		{9440E0D4-6A3E-5C53-0696-A3A941841D0D}.Debug|Any CPU.ActiveCfg = Debug|Any CPU
		{9440E0D4-6A3E-5C53-0696-A3A941841D0D}.Debug|Any CPU.Build.0 = Debug|Any CPU
		{9440E0D4-6A3E-5C53-0696-A3A941841D0D}.Release|Any CPU.ActiveCfg = Release|Any CPU
		{9440E0D4-6A3E-5C53-0696-A3A941841D0D}.Release|Any CPU.Build.0 = Release|Any CPU
		{2A4B3B45-8DD3-40A1-640E-6F7AB6AE3F92}.Debug|Any CPU.ActiveCfg = Debug|Any CPU
		{2A4B3B45-8DD3-40A1-640E-6F7AB6AE3F92}.Debug|Any CPU.Build.0 = Debug|Any CPU
		{2A4B3B45-8DD3-40A1-640E-6F7AB6AE3F92}.Release|Any CPU.ActiveCfg = Release|Any CPU
		{2A4B3B45-8DD3-40A1-640E-6F7AB6AE3F92}.Release|Any CPU.Build.0 = Release|Any CPU
		{897F8A42-4E41-03AB-34A1-89B4DE70099E}.Debug|Any CPU.ActiveCfg = Debug|Any CPU
		{897F8A42-4E41-03AB-34A1-89B4DE70099E}.Debug|Any CPU.Build.0 = Debug|Any CPU
		{897F8A42-4E41-03AB-34A1-89B4DE70099E}.Release|Any CPU.ActiveCfg = Release|Any CPU
		{897F8A42-4E41-03AB-34A1-89B4DE70099E}.Release|Any CPU.Build.0 = Release|Any CPU
		{9E37263C-1FFB-D0C4-A7E9-0A6F23E57832}.Debug|Any CPU.ActiveCfg = Debug|Any CPU
		{9E37263C-1FFB-D0C4-A7E9-0A6F23E57832}.Debug|Any CPU.Build.0 = Debug|Any CPU
		{9E37263C-1FFB-D0C4-A7E9-0A6F23E57832}.Release|Any CPU.ActiveCfg = Release|Any CPU
		{9E37263C-1FFB-D0C4-A7E9-0A6F23E57832}.Release|Any CPU.Build.0 = Release|Any CPU
		{513ACA79-956E-6385-6E62-B446C95F5364}.Debug|Any CPU.ActiveCfg = Debug|Any CPU
		{513ACA79-956E-6385-6E62-B446C95F5364}.Debug|Any CPU.Build.0 = Debug|Any CPU
		{513ACA79-956E-6385-6E62-B446C95F5364}.Release|Any CPU.ActiveCfg = Release|Any CPU
		{513ACA79-956E-6385-6E62-B446C95F5364}.Release|Any CPU.Build.0 = Release|Any CPU
		{4B6C8F48-83BA-0EA4-B8FC-A07C891C654A}.Debug|Any CPU.ActiveCfg = Debug|Any CPU
		{4B6C8F48-83BA-0EA4-B8FC-A07C891C654A}.Debug|Any CPU.Build.0 = Debug|Any CPU
		{4B6C8F48-83BA-0EA4-B8FC-A07C891C654A}.Release|Any CPU.ActiveCfg = Release|Any CPU
		{4B6C8F48-83BA-0EA4-B8FC-A07C891C654A}.Release|Any CPU.Build.0 = Release|Any CPU
		{A3A992FC-05B7-694D-19EA-C4CFBDF12911}.Debug|Any CPU.ActiveCfg = Debug|Any CPU
		{A3A992FC-05B7-694D-19EA-C4CFBDF12911}.Debug|Any CPU.Build.0 = Debug|Any CPU
		{A3A992FC-05B7-694D-19EA-C4CFBDF12911}.Release|Any CPU.ActiveCfg = Release|Any CPU
		{A3A992FC-05B7-694D-19EA-C4CFBDF12911}.Release|Any CPU.Build.0 = Release|Any CPU
		{EF800B0D-4371-F732-620C-94687513E0D2}.Debug|Any CPU.ActiveCfg = Debug|Any CPU
		{EF800B0D-4371-F732-620C-94687513E0D2}.Debug|Any CPU.Build.0 = Debug|Any CPU
		{EF800B0D-4371-F732-620C-94687513E0D2}.Release|Any CPU.ActiveCfg = Release|Any CPU
		{EF800B0D-4371-F732-620C-94687513E0D2}.Release|Any CPU.Build.0 = Release|Any CPU
		{7C70CCDC-E117-AF7A-8258-957F2DEDEBE8}.Debug|Any CPU.ActiveCfg = Debug|Any CPU
		{7C70CCDC-E117-AF7A-8258-957F2DEDEBE8}.Debug|Any CPU.Build.0 = Debug|Any CPU
		{7C70CCDC-E117-AF7A-8258-957F2DEDEBE8}.Release|Any CPU.ActiveCfg = Release|Any CPU
		{7C70CCDC-E117-AF7A-8258-957F2DEDEBE8}.Release|Any CPU.Build.0 = Release|Any CPU
		{B236AC88-7E0E-FF0F-45DE-2B2FEFDA2C51}.Debug|Any CPU.ActiveCfg = Debug|Any CPU
		{B236AC88-7E0E-FF0F-45DE-2B2FEFDA2C51}.Debug|Any CPU.Build.0 = Debug|Any CPU
		{B236AC88-7E0E-FF0F-45DE-2B2FEFDA2C51}.Release|Any CPU.ActiveCfg = Release|Any CPU
		{B236AC88-7E0E-FF0F-45DE-2B2FEFDA2C51}.Release|Any CPU.Build.0 = Release|Any CPU
		{24A537D6-960E-D38A-6374-817A57800DF7}.Debug|Any CPU.ActiveCfg = Debug|Any CPU
		{24A537D6-960E-D38A-6374-817A57800DF7}.Debug|Any CPU.Build.0 = Debug|Any CPU
		{24A537D6-960E-D38A-6374-817A57800DF7}.Release|Any CPU.ActiveCfg = Release|Any CPU
		{24A537D6-960E-D38A-6374-817A57800DF7}.Release|Any CPU.Build.0 = Release|Any CPU
		{6F7901F0-EE93-9724-6DC7-2A09C91D692E}.Debug|Any CPU.ActiveCfg = Debug|Any CPU
		{6F7901F0-EE93-9724-6DC7-2A09C91D692E}.Debug|Any CPU.Build.0 = Debug|Any CPU
		{6F7901F0-EE93-9724-6DC7-2A09C91D692E}.Release|Any CPU.ActiveCfg = Release|Any CPU
		{6F7901F0-EE93-9724-6DC7-2A09C91D692E}.Release|Any CPU.Build.0 = Release|Any CPU
		{13C78A5E-62BC-4583-2CC0-949BF16E9BD8}.Debug|Any CPU.ActiveCfg = Debug|Any CPU
		{13C78A5E-62BC-4583-2CC0-949BF16E9BD8}.Debug|Any CPU.Build.0 = Debug|Any CPU
		{13C78A5E-62BC-4583-2CC0-949BF16E9BD8}.Release|Any CPU.ActiveCfg = Release|Any CPU
		{13C78A5E-62BC-4583-2CC0-949BF16E9BD8}.Release|Any CPU.Build.0 = Release|Any CPU
		{7E51E2C0-068B-2E09-E2C8-4713E23B87C9}.Debug|Any CPU.ActiveCfg = Debug|Any CPU
		{7E51E2C0-068B-2E09-E2C8-4713E23B87C9}.Debug|Any CPU.Build.0 = Debug|Any CPU
		{7E51E2C0-068B-2E09-E2C8-4713E23B87C9}.Release|Any CPU.ActiveCfg = Release|Any CPU
		{7E51E2C0-068B-2E09-E2C8-4713E23B87C9}.Release|Any CPU.Build.0 = Release|Any CPU
		{867FEF11-A1BD-12EC-EF04-9A1171C70D6F}.Debug|Any CPU.ActiveCfg = Debug|Any CPU
		{867FEF11-A1BD-12EC-EF04-9A1171C70D6F}.Debug|Any CPU.Build.0 = Debug|Any CPU
		{867FEF11-A1BD-12EC-EF04-9A1171C70D6F}.Release|Any CPU.ActiveCfg = Release|Any CPU
		{867FEF11-A1BD-12EC-EF04-9A1171C70D6F}.Release|Any CPU.Build.0 = Release|Any CPU
		{881BBD03-1573-F256-A2A4-F3208E91CF5D}.Debug|Any CPU.ActiveCfg = Debug|Any CPU
		{881BBD03-1573-F256-A2A4-F3208E91CF5D}.Debug|Any CPU.Build.0 = Debug|Any CPU
		{881BBD03-1573-F256-A2A4-F3208E91CF5D}.Release|Any CPU.ActiveCfg = Release|Any CPU
		{881BBD03-1573-F256-A2A4-F3208E91CF5D}.Release|Any CPU.Build.0 = Release|Any CPU
		{E02DE17D-33A3-6689-C685-9E334B5AC625}.Debug|Any CPU.ActiveCfg = Debug|Any CPU
		{E02DE17D-33A3-6689-C685-9E334B5AC625}.Debug|Any CPU.Build.0 = Debug|Any CPU
		{E02DE17D-33A3-6689-C685-9E334B5AC625}.Release|Any CPU.ActiveCfg = Release|Any CPU
		{E02DE17D-33A3-6689-C685-9E334B5AC625}.Release|Any CPU.Build.0 = Release|Any CPU
		{DF779327-E4E7-FBD4-1C18-E2A8C7EC6D19}.Debug|Any CPU.ActiveCfg = Debug|Any CPU
		{DF779327-E4E7-FBD4-1C18-E2A8C7EC6D19}.Debug|Any CPU.Build.0 = Debug|Any CPU
		{DF779327-E4E7-FBD4-1C18-E2A8C7EC6D19}.Release|Any CPU.ActiveCfg = Release|Any CPU
		{DF779327-E4E7-FBD4-1C18-E2A8C7EC6D19}.Release|Any CPU.Build.0 = Release|Any CPU
		{D089F3FE-D901-AE29-DEC1-49D8CB7E8272}.Debug|Any CPU.ActiveCfg = Debug|Any CPU
		{D089F3FE-D901-AE29-DEC1-49D8CB7E8272}.Debug|Any CPU.Build.0 = Debug|Any CPU
		{D089F3FE-D901-AE29-DEC1-49D8CB7E8272}.Release|Any CPU.ActiveCfg = Release|Any CPU
		{D089F3FE-D901-AE29-DEC1-49D8CB7E8272}.Release|Any CPU.Build.0 = Release|Any CPU
		{50775C83-C43F-4C91-A72A-55586E8CF5F4}.Debug|Any CPU.ActiveCfg = Debug|Any CPU
		{50775C83-C43F-4C91-A72A-55586E8CF5F4}.Debug|Any CPU.Build.0 = Debug|Any CPU
		{50775C83-C43F-4C91-A72A-55586E8CF5F4}.Release|Any CPU.ActiveCfg = Release|Any CPU
		{50775C83-C43F-4C91-A72A-55586E8CF5F4}.Release|Any CPU.Build.0 = Release|Any CPU
		{36A89ADA-9245-F6D7-CF4F-15ED1D074B07}.Debug|Any CPU.ActiveCfg = Debug|Any CPU
		{36A89ADA-9245-F6D7-CF4F-15ED1D074B07}.Debug|Any CPU.Build.0 = Debug|Any CPU
		{36A89ADA-9245-F6D7-CF4F-15ED1D074B07}.Release|Any CPU.ActiveCfg = Release|Any CPU
		{36A89ADA-9245-F6D7-CF4F-15ED1D074B07}.Release|Any CPU.Build.0 = Release|Any CPU
		{ACBEEF68-B4BB-0F07-0A46-D62C605271A5}.Debug|Any CPU.ActiveCfg = Debug|Any CPU
		{ACBEEF68-B4BB-0F07-0A46-D62C605271A5}.Debug|Any CPU.Build.0 = Debug|Any CPU
		{ACBEEF68-B4BB-0F07-0A46-D62C605271A5}.Release|Any CPU.ActiveCfg = Release|Any CPU
		{ACBEEF68-B4BB-0F07-0A46-D62C605271A5}.Release|Any CPU.Build.0 = Release|Any CPU
		{52AAFA6A-1333-11F1-099F-A306F911C463}.Debug|Any CPU.ActiveCfg = Debug|Any CPU
		{52AAFA6A-1333-11F1-099F-A306F911C463}.Debug|Any CPU.Build.0 = Debug|Any CPU
		{52AAFA6A-1333-11F1-099F-A306F911C463}.Release|Any CPU.ActiveCfg = Release|Any CPU
		{52AAFA6A-1333-11F1-099F-A306F911C463}.Release|Any CPU.Build.0 = Release|Any CPU
		{653F78DA-C694-5A14-DBB4-4F1FAC8EE316}.Debug|Any CPU.ActiveCfg = Debug|Any CPU
		{653F78DA-C694-5A14-DBB4-4F1FAC8EE316}.Debug|Any CPU.Build.0 = Debug|Any CPU
		{653F78DA-C694-5A14-DBB4-4F1FAC8EE316}.Release|Any CPU.ActiveCfg = Release|Any CPU
		{653F78DA-C694-5A14-DBB4-4F1FAC8EE316}.Release|Any CPU.Build.0 = Release|Any CPU
		{5E20D325-38D1-63FB-C165-6BC28D2F39FF}.Debug|Any CPU.ActiveCfg = Debug|Any CPU
		{5E20D325-38D1-63FB-C165-6BC28D2F39FF}.Debug|Any CPU.Build.0 = Debug|Any CPU
		{5E20D325-38D1-63FB-C165-6BC28D2F39FF}.Release|Any CPU.ActiveCfg = Release|Any CPU
		{5E20D325-38D1-63FB-C165-6BC28D2F39FF}.Release|Any CPU.Build.0 = Release|Any CPU
		{5BECB99B-40D8-845F-EB66-4CB258B616BB}.Debug|Any CPU.ActiveCfg = Debug|Any CPU
		{5BECB99B-40D8-845F-EB66-4CB258B616BB}.Debug|Any CPU.Build.0 = Debug|Any CPU
		{5BECB99B-40D8-845F-EB66-4CB258B616BB}.Release|Any CPU.ActiveCfg = Release|Any CPU
		{5BECB99B-40D8-845F-EB66-4CB258B616BB}.Release|Any CPU.Build.0 = Release|Any CPU
		{2684919F-45BF-AB49-AA11-DB5973B7984A}.Debug|Any CPU.ActiveCfg = Debug|Any CPU
		{2684919F-45BF-AB49-AA11-DB5973B7984A}.Debug|Any CPU.Build.0 = Debug|Any CPU
		{2684919F-45BF-AB49-AA11-DB5973B7984A}.Release|Any CPU.ActiveCfg = Release|Any CPU
		{2684919F-45BF-AB49-AA11-DB5973B7984A}.Release|Any CPU.Build.0 = Release|Any CPU
		{D5B6513E-5924-129C-F76E-570297047666}.Debug|Any CPU.ActiveCfg = Debug|Any CPU
		{D5B6513E-5924-129C-F76E-570297047666}.Debug|Any CPU.Build.0 = Debug|Any CPU
		{D5B6513E-5924-129C-F76E-570297047666}.Release|Any CPU.ActiveCfg = Release|Any CPU
		{D5B6513E-5924-129C-F76E-570297047666}.Release|Any CPU.Build.0 = Release|Any CPU
		{0744506B-4297-C80E-846F-5736672D4806}.Debug|Any CPU.ActiveCfg = Debug|Any CPU
		{0744506B-4297-C80E-846F-5736672D4806}.Debug|Any CPU.Build.0 = Debug|Any CPU
		{0744506B-4297-C80E-846F-5736672D4806}.Release|Any CPU.ActiveCfg = Release|Any CPU
		{0744506B-4297-C80E-846F-5736672D4806}.Release|Any CPU.Build.0 = Release|Any CPU
	EndGlobalSection
	GlobalSection(SolutionProperties) = preSolution
		HideSolutionNode = FALSE
	EndGlobalSection
EndGlobal
